
Microsoft Visual Studio Solution File, Format Version 12.00
Project("{2150E333-8FDC-42A3-9474-1A3956D46DE8}") = "Services", "Services", "{57D34879-2CCA-4686-9265-9A17D91A3709}"
EndProject
Project("{2150E333-8FDC-42A3-9474-1A3956D46DE8}") = "WebApps", "WebApps", "{58B725E5-6337-426B-B950-7E1FFC7E5436}"
EndProject
Project("{2150E333-8FDC-42A3-9474-1A3956D46DE8}") = "Catalog", "Catalog", "{09671CA9-5178-4739-9A10-323270DA0279}"
EndProject
Project("{2150E333-8FDC-42A3-9474-1A3956D46DE8}") = "Core", "Core", "{ADF039EB-C7AC-4EEA-A1C7-25EDAC43E97C}"
EndProject
Project("{2150E333-8FDC-42A3-9474-1A3956D46DE8}") = "Fiscal", "Fiscal", "{97D5D629-04CB-4010-B4C2-96F894A92D3D}"
EndProject
Project("{2150E333-8FDC-42A3-9474-1A3956D46DE8}") = "Payments", "Payments", "{3DEAF257-90F1-4798-BBB4-A771A2DD883F}"
EndProject
Project("{2150E333-8FDC-42A3-9474-1A3956D46DE8}") = "Sales", "Sales", "{9367F3F1-DCA3-44BC-9EE6-0D3B01A68E78}"
EndProject
Project("{2150E333-8FDC-42A3-9474-1A3956D46DE8}") = "Registrations", "Registrations", "{83788E3E-A99F-41CA-A384-39952C57671C}"
EndProject
Project("{FAE04EC0-301F-11D3-BF4B-00C04F79EFBC}") = "InvestorStore.Core", "src\InvestorStore.Core\InvestorStore.Core.csproj", "{67E9DE93-C809-48DF-93D2-B4A6ABDF9788}"
EndProject
Project("{FAE04EC0-301F-11D3-BF4B-00C04F79EFBC}") = "InvestorStore.Catalog.Domain", "src\InvestorStore.Catalog.Domain\InvestorStore.Catalog.Domain.csproj", "{92CAAE05-A005-4BAD-8984-750617255399}"
EndProject
Project("{2150E333-8FDC-42A3-9474-1A3956D46DE8}") = "Tests", "Tests", "{AB9CF84D-4F7F-4BAE-838E-A35FB8BA4660}"
EndProject
Project("{FAE04EC0-301F-11D3-BF4B-00C04F79EFBC}") = "InvestorStore.Catalog.Domain.Tests", "tests\InvestorStore.Catalog.Domain.Tests\InvestorStore.Catalog.Domain.Tests.csproj", "{78F38484-A78A-4BC8-A6A0-ECA5C014CF13}"
EndProject
Project("{FAE04EC0-301F-11D3-BF4B-00C04F79EFBC}") = "InvestorStore.Catalog.Data", "src\InvestorStore.Catalog.Data\InvestorStore.Catalog.Data.csproj", "{54B1E8CB-4068-4860-8B82-1036686A0433}"
EndProject
Project("{FAE04EC0-301F-11D3-BF4B-00C04F79EFBC}") = "InvestorStore.Catalog.Application", "src\InvestorStore.Catalog.Application\InvestorStore.Catalog.Application.csproj", "{A8D27BD8-B253-4A2E-8272-6D78A0F4D528}"
EndProject
Global
	GlobalSection(SolutionConfigurationPlatforms) = preSolution
		Debug|Any CPU = Debug|Any CPU
		Release|Any CPU = Release|Any CPU
	EndGlobalSection
	GlobalSection(NestedProjects) = preSolution
		{09671CA9-5178-4739-9A10-323270DA0279} = {57D34879-2CCA-4686-9265-9A17D91A3709}
		{ADF039EB-C7AC-4EEA-A1C7-25EDAC43E97C} = {57D34879-2CCA-4686-9265-9A17D91A3709}
		{97D5D629-04CB-4010-B4C2-96F894A92D3D} = {57D34879-2CCA-4686-9265-9A17D91A3709}
		{3DEAF257-90F1-4798-BBB4-A771A2DD883F} = {57D34879-2CCA-4686-9265-9A17D91A3709}
		{9367F3F1-DCA3-44BC-9EE6-0D3B01A68E78} = {57D34879-2CCA-4686-9265-9A17D91A3709}
		{83788E3E-A99F-41CA-A384-39952C57671C} = {57D34879-2CCA-4686-9265-9A17D91A3709}
		{67E9DE93-C809-48DF-93D2-B4A6ABDF9788} = {ADF039EB-C7AC-4EEA-A1C7-25EDAC43E97C}
		{92CAAE05-A005-4BAD-8984-750617255399} = {09671CA9-5178-4739-9A10-323270DA0279}
		{AB9CF84D-4F7F-4BAE-838E-A35FB8BA4660} = {09671CA9-5178-4739-9A10-323270DA0279}
		{78F38484-A78A-4BC8-A6A0-ECA5C014CF13} = {AB9CF84D-4F7F-4BAE-838E-A35FB8BA4660}
		{54B1E8CB-4068-4860-8B82-1036686A0433} = {09671CA9-5178-4739-9A10-323270DA0279}
		{A8D27BD8-B253-4A2E-8272-6D78A0F4D528} = {09671CA9-5178-4739-9A10-323270DA0279}
	EndGlobalSection
	GlobalSection(ProjectConfigurationPlatforms) = postSolution
		{67E9DE93-C809-48DF-93D2-B4A6ABDF9788}.Debug|Any CPU.ActiveCfg = Debug|Any CPU
		{67E9DE93-C809-48DF-93D2-B4A6ABDF9788}.Debug|Any CPU.Build.0 = Debug|Any CPU
		{67E9DE93-C809-48DF-93D2-B4A6ABDF9788}.Release|Any CPU.ActiveCfg = Release|Any CPU
		{67E9DE93-C809-48DF-93D2-B4A6ABDF9788}.Release|Any CPU.Build.0 = Release|Any CPU
		{92CAAE05-A005-4BAD-8984-750617255399}.Debug|Any CPU.ActiveCfg = Debug|Any CPU
		{92CAAE05-A005-4BAD-8984-750617255399}.Debug|Any CPU.Build.0 = Debug|Any CPU
		{92CAAE05-A005-4BAD-8984-750617255399}.Release|Any CPU.ActiveCfg = Release|Any CPU
		{92CAAE05-A005-4BAD-8984-750617255399}.Release|Any CPU.Build.0 = Release|Any CPU
		{78F38484-A78A-4BC8-A6A0-ECA5C014CF13}.Debug|Any CPU.ActiveCfg = Debug|Any CPU
		{78F38484-A78A-4BC8-A6A0-ECA5C014CF13}.Debug|Any CPU.Build.0 = Debug|Any CPU
		{78F38484-A78A-4BC8-A6A0-ECA5C014CF13}.Release|Any CPU.ActiveCfg = Release|Any CPU
		{78F38484-A78A-4BC8-A6A0-ECA5C014CF13}.Release|Any CPU.Build.0 = Release|Any CPU
		{54B1E8CB-4068-4860-8B82-1036686A0433}.Debug|Any CPU.ActiveCfg = Debug|Any CPU
		{54B1E8CB-4068-4860-8B82-1036686A0433}.Debug|Any CPU.Build.0 = Debug|Any CPU
		{54B1E8CB-4068-4860-8B82-1036686A0433}.Release|Any CPU.ActiveCfg = Release|Any CPU
		{54B1E8CB-4068-4860-8B82-1036686A0433}.Release|Any CPU.Build.0 = Release|Any CPU
		{A8D27BD8-B253-4A2E-8272-6D78A0F4D528}.Debug|Any CPU.ActiveCfg = Debug|Any CPU
		{A8D27BD8-B253-4A2E-8272-6D78A0F4D528}.Debug|Any CPU.Build.0 = Debug|Any CPU
		{A8D27BD8-B253-4A2E-8272-6D78A0F4D528}.Release|Any CPU.ActiveCfg = Release|Any CPU
		{A8D27BD8-B253-4A2E-8272-6D78A0F4D528}.Release|Any CPU.Build.0 = Release|Any CPU
	EndGlobalSection
EndGlobal
